Microsoft Visual Studio Solution File, Format Version 12.00
# Visual Studio Version 17
VisualStudioVersion = 17.5.2.0
MinimumVisualStudioVersion = 10.0.40219.1
Project("{FAE04EC0-301F-11D3-BF4B-00C04F79EFBC}") = "q.ResponseCachingDemo", "q.ResponseCachingDemo.csproj", "{789D5841-AADE-BDF3-BFF5-3FCF4C7FAF45}"
EndProject
Global
	GlobalSection(SolutionConfigurationPlatforms) = preSolution
		Debug|Any CPU = Debug|Any CPU
		Release|Any CPU = Release|Any CPU
	EndGlobalSection
	GlobalSection(ProjectConfigurationPlatforms) = postSolution
		{789D5841-AADE-BDF3-BFF5-3FCF4C7FAF45}.Debug|Any CPU.ActiveCfg = Debug|Any CPU
		{789D5841-AADE-BDF3-BFF5-3FCF4C7FAF45}.Debug|Any CPU.Build.0 = Debug|Any CPU
		{789D5841-AADE-BDF3-BFF5-3FCF4C7FAF45}.Release|Any CPU.ActiveCfg = Release|Any CPU
		{789D5841-AADE-BDF3-BFF5-3FCF4C7FAF45}.Release|Any CPU.Build.0 = Release|Any CPU
	EndGlobalSection
	GlobalSection(SolutionProperties) = preSolution
		HideSolutionNode = FALSE
	EndGlobalSection
	GlobalSection(ExtensibilityGlobals) = postSolution
		SolutionGuid = {4ADA6078-DF0D-426C-92EA-69745BD3A93A}
	EndGlobalSection
EndGlobal
