Microsoft Visual Studio Solution File, Format Version 12.00
# Visual Studio Version 17
VisualStudioVersion = 17.5.2.0
MinimumVisualStudioVersion = 10.0.40219.1
Project("{FAE04EC0-301F-11D3-BF4B-00C04F79EFBC}") = "r.EFCoreCodeFirstDemo", "r.EFCoreCodeFirstDemo.csproj", "{09FB5FA3-60BE-74AD-EBB2-A2A4C9793409}"
EndProject
Global
	GlobalSection(SolutionConfigurationPlatforms) = preSolution
		Debug|Any CPU = Debug|Any CPU
		Release|Any CPU = Release|Any CPU
	EndGlobalSection
	GlobalSection(ProjectConfigurationPlatforms) = postSolution
		{09FB5FA3-60BE-74AD-EBB2-A2A4C9793409}.Debug|Any CPU.ActiveCfg = Debug|Any CPU
		{09FB5FA3-60BE-74AD-EBB2-A2A4C9793409}.Debug|Any CPU.Build.0 = Debug|Any CPU
		{09FB5FA3-60BE-74AD-EBB2-A2A4C9793409}.Release|Any CPU.ActiveCfg = Release|Any CPU
		{09FB5FA3-60BE-74AD-EBB2-A2A4C9793409}.Release|Any CPU.Build.0 = Release|Any CPU
	EndGlobalSection
	GlobalSection(SolutionProperties) = preSolution
		HideSolutionNode = FALSE
	EndGlobalSection
	GlobalSection(ExtensibilityGlobals) = postSolution
		SolutionGuid = {A21832B7-1A79-4F1F-A24E-21E9B0A92E34}
	EndGlobalSection
EndGlobal
